
Microsoft Visual Studio Solution File, Format Version 12.00
# Visual Studio Version 16
VisualStudioVersion = 16.0.29306.81
MinimumVisualStudioVersion = 10.0.40219.1
Project("{8BC9CEB8-8B4A-11D0-8D11-00A0C91BC942}") = "Driver", "driver\Driver.vcxproj", "{1D1EEE04-0197-41DE-83EC-B9F17A82BF75}"
EndProject
Project("{2150E333-8FDC-42A3-9474-1A3956D46DE8}") = "user-program", "user-program", "{6C5E7B07-6824-4C24-B3EE-06C735B09987}"
EndProject
Project("{2150E333-8FDC-42A3-9474-1A3956D46DE8}") = "Tests", "Tests", "{62C16533-866D-4245-A3EB-85E1B46E5116}"
EndProject
Project("{8BC9CEB8-8B4A-11D0-8D11-00A0C91BC942}") = "TestLib", "tests\TestLib\TestLib.vcxproj", "{BB117746-AEE7-475F-B5D1-AD40D1A2AB4A}"
EndProject
Project("{2150E333-8FDC-42A3-9474-1A3956D46DE8}") = "general-headers", "general-headers", "{E724A762-C3C8-493F-9C48-94129AA85842}"
	ProjectSection(SolutionItems) = preProject
		general-headers\constant.h = general-headers\constant.h
		general-headers\open_file_info.h = general-headers\open_file_info.h
	EndProjectSection
EndProject
Project("{8BC9CEB8-8B4A-11D0-8D11-00A0C91BC942}") = "TestDriver", "tests\TestDriver\TestDriver.vcxproj", "{F31EDD84-05B9-4755-B054-79FE3C5135C4}"
EndProject
Project("{8BC9CEB8-8B4A-11D0-8D11-00A0C91BC942}") = "UserConsoleApplication", "user-program\ConsoleInterface\UserConsoleApplication\UserConsoleApplication.vcxproj", "{126E3B68-18D8-4563-A8B6-20365A72C06C}"
EndProject
Project("{9A19103F-16F7-4668-BE54-9A1E7A4F7556}") = "GUI", "user-program\WPF-GUI\GUI\GUI.csproj", "{CDE5A499-1C60-46EF-8649-3CA29BC2E1FA}"
EndProject
Project("{2150E333-8FDC-42A3-9474-1A3956D46DE8}") = "libs", "libs", "{82906AEF-AB27-428D-A47B-5FACB8D174EF}"
EndProject
Project("{8BC9CEB8-8B4A-11D0-8D11-00A0C91BC942}") = "Lib", "libs\static-lib\Lib.vcxproj", "{BB182981-61D0-40C2-81B6-263F0E21C416}"
EndProject
Project("{8BC9CEB8-8B4A-11D0-8D11-00A0C91BC942}") = "VedDll", "libs\dynamic-lib\Dll\DynamicLib.vcxproj", "{7F537CF2-76BE-4689-B2F0-27D425040D79}"
EndProject
Project("{2150E333-8FDC-42A3-9474-1A3956D46DE8}") = "support", "support", "{DE0E9E50-A0B4-4D98-A273-0AB831BA6456}"
EndProject
Project("{8BC9CEB8-8B4A-11D0-8D11-00A0C91BC942}") = "RegisterDriver", "support\RegisterDriver\RegisterDriver.vcxproj", "{BDEACE6A-BD9C-48C9-8DCF-479B78E13389}"
EndProject
Global
	GlobalSection(SolutionConfigurationPlatforms) = preSolution
		Debug|Any CPU = Debug|Any CPU
		Debug|ARM = Debug|ARM
		Debug|ARM64 = Debug|ARM64
		Debug|x64 = Debug|x64
		Debug|x86 = Debug|x86
		Release|Any CPU = Release|Any CPU
		Release|ARM = Release|ARM
		Release|ARM64 = Release|ARM64
		Release|x64 = Release|x64
		Release|x86 = Release|x86
	EndGlobalSection
	GlobalSection(ProjectConfigurationPlatforms) = postSolution
		{1D1EEE04-0197-41DE-83EC-B9F17A82BF75}.Debug|Any CPU.ActiveCfg = Debug|Win32
		{1D1EEE04-0197-41DE-83EC-B9F17A82BF75}.Debug|ARM.ActiveCfg = Debug|ARM
		{1D1EEE04-0197-41DE-83EC-B9F17A82BF75}.Debug|ARM.Build.0 = Debug|ARM
		{1D1EEE04-0197-41DE-83EC-B9F17A82BF75}.Debug|ARM.Deploy.0 = Debug|ARM
		{1D1EEE04-0197-41DE-83EC-B9F17A82BF75}.Debug|ARM64.ActiveCfg = Debug|ARM64
		{1D1EEE04-0197-41DE-83EC-B9F17A82BF75}.Debug|ARM64.Build.0 = Debug|ARM64
		{1D1EEE04-0197-41DE-83EC-B9F17A82BF75}.Debug|ARM64.Deploy.0 = Debug|ARM64
		{1D1EEE04-0197-41DE-83EC-B9F17A82BF75}.Debug|x64.ActiveCfg = Debug|x64
		{1D1EEE04-0197-41DE-83EC-B9F17A82BF75}.Debug|x64.Build.0 = Debug|x64
		{1D1EEE04-0197-41DE-83EC-B9F17A82BF75}.Debug|x64.Deploy.0 = Debug|x64
		{1D1EEE04-0197-41DE-83EC-B9F17A82BF75}.Debug|x86.ActiveCfg = Debug|Win32
		{1D1EEE04-0197-41DE-83EC-B9F17A82BF75}.Debug|x86.Build.0 = Debug|Win32
		{1D1EEE04-0197-41DE-83EC-B9F17A82BF75}.Debug|x86.Deploy.0 = Debug|Win32
		{1D1EEE04-0197-41DE-83EC-B9F17A82BF75}.Release|Any CPU.ActiveCfg = Release|Win32
		{1D1EEE04-0197-41DE-83EC-B9F17A82BF75}.Release|ARM.ActiveCfg = Release|ARM
		{1D1EEE04-0197-41DE-83EC-B9F17A82BF75}.Release|ARM.Build.0 = Release|ARM
		{1D1EEE04-0197-41DE-83EC-B9F17A82BF75}.Release|ARM.Deploy.0 = Release|ARM
		{1D1EEE04-0197-41DE-83EC-B9F17A82BF75}.Release|ARM64.ActiveCfg = Release|ARM64
		{1D1EEE04-0197-41DE-83EC-B9F17A82BF75}.Release|ARM64.Build.0 = Release|ARM64
		{1D1EEE04-0197-41DE-83EC-B9F17A82BF75}.Release|ARM64.Deploy.0 = Release|ARM64
		{1D1EEE04-0197-41DE-83EC-B9F17A82BF75}.Release|x64.ActiveCfg = Release|x64
		{1D1EEE04-0197-41DE-83EC-B9F17A82BF75}.Release|x64.Build.0 = Release|x64
		{1D1EEE04-0197-41DE-83EC-B9F17A82BF75}.Release|x64.Deploy.0 = Release|x64
		{1D1EEE04-0197-41DE-83EC-B9F17A82BF75}.Release|x86.ActiveCfg = Release|Win32
		{1D1EEE04-0197-41DE-83EC-B9F17A82BF75}.Release|x86.Build.0 = Release|Win32
		{1D1EEE04-0197-41DE-83EC-B9F17A82BF75}.Release|x86.Deploy.0 = Release|Win32
		{BB117746-AEE7-475F-B5D1-AD40D1A2AB4A}.Debug|Any CPU.ActiveCfg = Debug|Win32
		{BB117746-AEE7-475F-B5D1-AD40D1A2AB4A}.Debug|ARM.ActiveCfg = Debug|Win32
		{BB117746-AEE7-475F-B5D1-AD40D1A2AB4A}.Debug|ARM64.ActiveCfg = Debug|Win32
		{BB117746-AEE7-475F-B5D1-AD40D1A2AB4A}.Debug|x64.ActiveCfg = Debug|x64
		{BB117746-AEE7-475F-B5D1-AD40D1A2AB4A}.Debug|x64.Build.0 = Debug|x64
		{BB117746-AEE7-475F-B5D1-AD40D1A2AB4A}.Debug|x86.ActiveCfg = Debug|Win32
		{BB117746-AEE7-475F-B5D1-AD40D1A2AB4A}.Debug|x86.Build.0 = Debug|Win32
		{BB117746-AEE7-475F-B5D1-AD40D1A2AB4A}.Release|Any CPU.ActiveCfg = Release|Win32
		{BB117746-AEE7-475F-B5D1-AD40D1A2AB4A}.Release|ARM.ActiveCfg = Release|Win32
		{BB117746-AEE7-475F-B5D1-AD40D1A2AB4A}.Release|ARM64.ActiveCfg = Release|Win32
		{BB117746-AEE7-475F-B5D1-AD40D1A2AB4A}.Release|x64.ActiveCfg = Release|x64
		{BB117746-AEE7-475F-B5D1-AD40D1A2AB4A}.Release|x64.Build.0 = Release|x64
		{BB117746-AEE7-475F-B5D1-AD40D1A2AB4A}.Release|x86.ActiveCfg = Release|Win32
		{BB117746-AEE7-475F-B5D1-AD40D1A2AB4A}.Release|x86.Build.0 = Release|Win32
		{F31EDD84-05B9-4755-B054-79FE3C5135C4}.Debug|Any CPU.ActiveCfg = Debug|Win32
		{F31EDD84-05B9-4755-B054-79FE3C5135C4}.Debug|ARM.ActiveCfg = Debug|Win32
		{F31EDD84-05B9-4755-B054-79FE3C5135C4}.Debug|ARM64.ActiveCfg = Debug|Win32
		{F31EDD84-05B9-4755-B054-79FE3C5135C4}.Debug|x64.ActiveCfg = Debug|x64
		{F31EDD84-05B9-4755-B054-79FE3C5135C4}.Debug|x64.Build.0 = Debug|x64
		{F31EDD84-05B9-4755-B054-79FE3C5135C4}.Debug|x86.ActiveCfg = Debug|Win32
		{F31EDD84-05B9-4755-B054-79FE3C5135C4}.Debug|x86.Build.0 = Debug|Win32
		{F31EDD84-05B9-4755-B054-79FE3C5135C4}.Release|Any CPU.ActiveCfg = Release|Win32
		{F31EDD84-05B9-4755-B054-79FE3C5135C4}.Release|ARM.ActiveCfg = Release|Win32
		{F31EDD84-05B9-4755-B054-79FE3C5135C4}.Release|ARM64.ActiveCfg = Release|Win32
		{F31EDD84-05B9-4755-B054-79FE3C5135C4}.Release|x64.ActiveCfg = Release|x64
		{F31EDD84-05B9-4755-B054-79FE3C5135C4}.Release|x64.Build.0 = Release|x64
		{F31EDD84-05B9-4755-B054-79FE3C5135C4}.Release|x86.ActiveCfg = Release|Win32
		{F31EDD84-05B9-4755-B054-79FE3C5135C4}.Release|x86.Build.0 = Release|Win32
		{126E3B68-18D8-4563-A8B6-20365A72C06C}.Debug|Any CPU.ActiveCfg = Debug|Win32
		{126E3B68-18D8-4563-A8B6-20365A72C06C}.Debug|ARM.ActiveCfg = Debug|Win32
		{126E3B68-18D8-4563-A8B6-20365A72C06C}.Debug|ARM64.ActiveCfg = Debug|Win32
		{126E3B68-18D8-4563-A8B6-20365A72C06C}.Debug|x64.ActiveCfg = Debug|x64
		{126E3B68-18D8-4563-A8B6-20365A72C06C}.Debug|x64.Build.0 = Debug|x64
		{126E3B68-18D8-4563-A8B6-20365A72C06C}.Debug|x86.ActiveCfg = Debug|Win32
		{126E3B68-18D8-4563-A8B6-20365A72C06C}.Debug|x86.Build.0 = Debug|Win32
		{126E3B68-18D8-4563-A8B6-20365A72C06C}.Release|Any CPU.ActiveCfg = Release|Win32
		{126E3B68-18D8-4563-A8B6-20365A72C06C}.Release|ARM.ActiveCfg = Release|Win32
		{126E3B68-18D8-4563-A8B6-20365A72C06C}.Release|ARM64.ActiveCfg = Release|Win32
		{126E3B68-18D8-4563-A8B6-20365A72C06C}.Release|x64.ActiveCfg = Release|x64
		{126E3B68-18D8-4563-A8B6-20365A72C06C}.Release|x64.Build.0 = Release|x64
		{126E3B68-18D8-4563-A8B6-20365A72C06C}.Release|x86.ActiveCfg = Release|Win32
		{126E3B68-18D8-4563-A8B6-20365A72C06C}.Release|x86.Build.0 = Release|Win32
		{CDE5A499-1C60-46EF-8649-3CA29BC2E1FA}.Debug|Any CPU.ActiveCfg = Debug|Any CPU
		{CDE5A499-1C60-46EF-8649-3CA29BC2E1FA}.Debug|Any CPU.Build.0 = Debug|Any CPU
		{CDE5A499-1C60-46EF-8649-3CA29BC2E1FA}.Debug|ARM.ActiveCfg = Debug|Any CPU
		{CDE5A499-1C60-46EF-8649-3CA29BC2E1FA}.Debug|ARM.Build.0 = Debug|Any CPU
		{CDE5A499-1C60-46EF-8649-3CA29BC2E1FA}.Debug|ARM64.ActiveCfg = Debug|Any CPU
		{CDE5A499-1C60-46EF-8649-3CA29BC2E1FA}.Debug|ARM64.Build.0 = Debug|Any CPU
		{CDE5A499-1C60-46EF-8649-3CA29BC2E1FA}.Debug|x64.ActiveCfg = Debug|Any CPU
		{CDE5A499-1C60-46EF-8649-3CA29BC2E1FA}.Debug|x64.Build.0 = Debug|Any CPU
		{CDE5A499-1C60-46EF-8649-3CA29BC2E1FA}.Debug|x86.ActiveCfg = Debug|Any CPU
		{CDE5A499-1C60-46EF-8649-3CA29BC2E1FA}.Debug|x86.Build.0 = Debug|Any CPU
		{CDE5A499-1C60-46EF-8649-3CA29BC2E1FA}.Release|Any CPU.ActiveCfg = Release|Any CPU
		{CDE5A499-1C60-46EF-8649-3CA29BC2E1FA}.Release|Any CPU.Build.0 = Release|Any CPU
		{CDE5A499-1C60-46EF-8649-3CA29BC2E1FA}.Release|ARM.ActiveCfg = Release|Any CPU
		{CDE5A499-1C60-46EF-8649-3CA29BC2E1FA}.Release|ARM.Build.0 = Release|Any CPU
		{CDE5A499-1C60-46EF-8649-3CA29BC2E1FA}.Release|ARM64.ActiveCfg = Release|Any CPU
		{CDE5A499-1C60-46EF-8649-3CA29BC2E1FA}.Release|ARM64.Build.0 = Release|Any CPU
		{CDE5A499-1C60-46EF-8649-3CA29BC2E1FA}.Release|x64.ActiveCfg = Release|Any CPU
		{CDE5A499-1C60-46EF-8649-3CA29BC2E1FA}.Release|x64.Build.0 = Release|Any CPU
		{CDE5A499-1C60-46EF-8649-3CA29BC2E1FA}.Release|x86.ActiveCfg = Release|Any CPU
		{CDE5A499-1C60-46EF-8649-3CA29BC2E1FA}.Release|x86.Build.0 = Release|Any CPU
		{BB182981-61D0-40C2-81B6-263F0E21C416}.Debug|Any CPU.ActiveCfg = Debug|Win32
		{BB182981-61D0-40C2-81B6-263F0E21C416}.Debug|ARM.ActiveCfg = Debug|Win32
		{BB182981-61D0-40C2-81B6-263F0E21C416}.Debug|ARM64.ActiveCfg = Debug|Win32
		{BB182981-61D0-40C2-81B6-263F0E21C416}.Debug|x64.ActiveCfg = Debug|x64
		{BB182981-61D0-40C2-81B6-263F0E21C416}.Debug|x64.Build.0 = Debug|x64
		{BB182981-61D0-40C2-81B6-263F0E21C416}.Debug|x86.ActiveCfg = Debug|Win32
		{BB182981-61D0-40C2-81B6-263F0E21C416}.Debug|x86.Build.0 = Debug|Win32
		{BB182981-61D0-40C2-81B6-263F0E21C416}.Release|Any CPU.ActiveCfg = Release|Win32
		{BB182981-61D0-40C2-81B6-263F0E21C416}.Release|ARM.ActiveCfg = Release|Win32
		{BB182981-61D0-40C2-81B6-263F0E21C416}.Release|ARM64.ActiveCfg = Release|Win32
		{BB182981-61D0-40C2-81B6-263F0E21C416}.Release|x64.ActiveCfg = Release|x64
		{BB182981-61D0-40C2-81B6-263F0E21C416}.Release|x64.Build.0 = Release|x64
		{BB182981-61D0-40C2-81B6-263F0E21C416}.Release|x86.ActiveCfg = Release|Win32
		{BB182981-61D0-40C2-81B6-263F0E21C416}.Release|x86.Build.0 = Release|Win32
		{7F537CF2-76BE-4689-B2F0-27D425040D79}.Debug|Any CPU.ActiveCfg = Debug|Win32
		{7F537CF2-76BE-4689-B2F0-27D425040D79}.Debug|ARM.ActiveCfg = Debug|Win32
		{7F537CF2-76BE-4689-B2F0-27D425040D79}.Debug|ARM64.ActiveCfg = Debug|Win32
		{7F537CF2-76BE-4689-B2F0-27D425040D79}.Debug|x64.ActiveCfg = Debug|x64
		{7F537CF2-76BE-4689-B2F0-27D425040D79}.Debug|x64.Build.0 = Debug|x64
		{7F537CF2-76BE-4689-B2F0-27D425040D79}.Debug|x86.ActiveCfg = Debug|Win32
		{7F537CF2-76BE-4689-B2F0-27D425040D79}.Debug|x86.Build.0 = Debug|Win32
		{7F537CF2-76BE-4689-B2F0-27D425040D79}.Release|Any CPU.ActiveCfg = Release|Win32
		{7F537CF2-76BE-4689-B2F0-27D425040D79}.Release|ARM.ActiveCfg = Release|Win32
		{7F537CF2-76BE-4689-B2F0-27D425040D79}.Release|ARM64.ActiveCfg = Release|Win32
		{7F537CF2-76BE-4689-B2F0-27D425040D79}.Release|x64.ActiveCfg = Release|x64
		{7F537CF2-76BE-4689-B2F0-27D425040D79}.Release|x64.Build.0 = Release|x64
		{7F537CF2-76BE-4689-B2F0-27D425040D79}.Release|x86.ActiveCfg = Release|Win32
		{7F537CF2-76BE-4689-B2F0-27D425040D79}.Release|x86.Build.0 = Release|Win32
		{BDEACE6A-BD9C-48C9-8DCF-479B78E13389}.Debug|Any CPU.ActiveCfg = Debug|Win32
		{BDEACE6A-BD9C-48C9-8DCF-479B78E13389}.Debug|ARM.ActiveCfg = Debug|Win32
		{BDEACE6A-BD9C-48C9-8DCF-479B78E13389}.Debug|ARM64.ActiveCfg = Debug|Win32
		{BDEACE6A-BD9C-48C9-8DCF-479B78E13389}.Debug|x64.ActiveCfg = Debug|x64
		{BDEACE6A-BD9C-48C9-8DCF-479B78E13389}.Debug|x64.Build.0 = Debug|x64
		{BDEACE6A-BD9C-48C9-8DCF-479B78E13389}.Debug|x86.ActiveCfg = Debug|Win32
		{BDEACE6A-BD9C-48C9-8DCF-479B78E13389}.Debug|x86.Build.0 = Debug|Win32
		{BDEACE6A-BD9C-48C9-8DCF-479B78E13389}.Release|Any CPU.ActiveCfg = Release|Win32
		{BDEACE6A-BD9C-48C9-8DCF-479B78E13389}.Release|ARM.ActiveCfg = Release|Win32
		{BDEACE6A-BD9C-48C9-8DCF-479B78E13389}.Release|ARM64.ActiveCfg = Release|Win32
		{BDEACE6A-BD9C-48C9-8DCF-479B78E13389}.Release|x64.ActiveCfg = Release|x64
		{BDEACE6A-BD9C-48C9-8DCF-479B78E13389}.Release|x64.Build.0 = Release|x64
		{BDEACE6A-BD9C-48C9-8DCF-479B78E13389}.Release|x86.ActiveCfg = Release|Win32
		{BDEACE6A-BD9C-48C9-8DCF-479B78E13389}.Release|x86.Build.0 = Release|Win32
	EndGlobalSection
	GlobalSection(SolutionProperties) = preSolution
		HideSolutionNode = FALSE
	EndGlobalSection
	GlobalSection(NestedProjects) = preSolution
		{BB117746-AEE7-475F-B5D1-AD40D1A2AB4A} = {62C16533-866D-4245-A3EB-85E1B46E5116}
		{F31EDD84-05B9-4755-B054-79FE3C5135C4} = {62C16533-866D-4245-A3EB-85E1B46E5116}
		{126E3B68-18D8-4563-A8B6-20365A72C06C} = {6C5E7B07-6824-4C24-B3EE-06C735B09987}
		{CDE5A499-1C60-46EF-8649-3CA29BC2E1FA} = {6C5E7B07-6824-4C24-B3EE-06C735B09987}
		{BB182981-61D0-40C2-81B6-263F0E21C416} = {82906AEF-AB27-428D-A47B-5FACB8D174EF}
		{7F537CF2-76BE-4689-B2F0-27D425040D79} = {82906AEF-AB27-428D-A47B-5FACB8D174EF}
		{BDEACE6A-BD9C-48C9-8DCF-479B78E13389} = {DE0E9E50-A0B4-4D98-A273-0AB831BA6456}
	EndGlobalSection
	GlobalSection(ExtensibilityGlobals) = postSolution
		SolutionGuid = {07AAFEE4-0D20-447F-8060-AFD8A5FCB880}
	EndGlobalSection
EndGlobal
