<?xml version="1.0" encoding="utf-8"?>
<Project ToolsVersion="4.0" xmlns="http://schemas.microsoft.com/developer/msbuild/2003">
  <ItemGroup>
    <Filter Include="source">
      <UniqueIdentifier>{4cddcf0d-2aff-46c7-94a1-93c2974e090a}</UniqueIdentifier>
    </Filter>
    <Filter Include="headers">
      <UniqueIdentifier>{6c57b75a-e8b0-466c-8f0d-766565293e96}</UniqueIdentifier>
    </Filter>
    <Filter Include="utils">
      <UniqueIdentifier>{3a5f280e-dbc0-47b4-8916-f89d1c250799}</UniqueIdentifier>
    </Filter>
  </ItemGroup>
  <ItemGroup>
    <ClCompile Include="utils\path.cpp">
      <Filter>utils</Filter>
    </ClCompile>
    <ClCompile Include="source\driver.cpp">
      <Filter>source</Filter>
    </ClCompile>
    <ClCompile Include="source\crypt.cpp">
      <Filter>source</Filter>
    </ClCompile>
  </ItemGroup>
  <ItemGroup>
    <ClInclude Include="headers\codeioctl.h">
      <Filter>headers</Filter>
    </ClInclude>
    <ClInclude Include="headers\constants.h">
      <Filter>headers</Filter>
    </ClInclude>
    <ClInclude Include="headers\crypt.h">
      <Filter>headers</Filter>
    </ClInclude>
    <ClInclude Include="headers\globalvariable.h">
      <Filter>headers</Filter>
    </ClInclude>
    <ClInclude Include="headers\headers.h">
      <Filter>headers</Filter>
    </ClInclude>
    <ClInclude Include="headers\libraries.h">
      <Filter>headers</Filter>
    </ClInclude>
    <ClInclude Include="headers\structs.h">
      <Filter>headers</Filter>
    </ClInclude>
    <ClInclude Include="utils\path.hpp">
      <Filter>utils</Filter>
    </ClInclude>
  </ItemGroup>
</Project>